
Microsoft Visual Studio Solution File, Format Version 12.00
# Visual Studio Version 17
VisualStudioVersion = 17.7.34202.233
MinimumVisualStudioVersion = 10.0.40219.1
Project("{9A19103F-16F7-4668-BE54-9A1E7A4F7556}") = "Banking", "Banking.csproj", "{7DE8B065-48A2-41C5-A0E8-66A1DF93F1BF}"
EndProject
Project("{9A19103F-16F7-4668-BE54-9A1E7A4F7556}") = "DataLayer", "..\DataLayer\DataLayer.csproj", "{28327CAF-8C14-4EA8-BA8D-A1FEE9BA5D0E}"
EndProject
Project("{9A19103F-16F7-4668-BE54-9A1E7A4F7556}") = "BusinessLogicLayer", "..\BusinessLogicLayer\BusinessLogicLayer.csproj", "{43EBFC82-5B36-4B23-AD44-CABBD95904B3}"
EndProject
Global
	GlobalSection(SolutionConfigurationPlatforms) = preSolution
		Debug|Any CPU = Debug|Any CPU
		Release|Any CPU = Release|Any CPU
	EndGlobalSection
	GlobalSection(ProjectConfigurationPlatforms) = postSolution
		{7DE8B065-48A2-41C5-A0E8-66A1DF93F1BF}.Debug|Any CPU.ActiveCfg = Debug|Any CPU
		{7DE8B065-48A2-41C5-A0E8-66A1DF93F1BF}.Debug|Any CPU.Build.0 = Debug|Any CPU
		{7DE8B065-48A2-41C5-A0E8-66A1DF93F1BF}.Release|Any CPU.ActiveCfg = Release|Any CPU
		{7DE8B065-48A2-41C5-A0E8-66A1DF93F1BF}.Release|Any CPU.Build.0 = Release|Any CPU
		{28327CAF-8C14-4EA8-BA8D-A1FEE9BA5D0E}.Debug|Any CPU.ActiveCfg = Debug|Any CPU
		{28327CAF-8C14-4EA8-BA8D-A1FEE9BA5D0E}.Debug|Any CPU.Build.0 = Debug|Any CPU
		{28327CAF-8C14-4EA8-BA8D-A1FEE9BA5D0E}.Release|Any CPU.ActiveCfg = Release|Any CPU
		{28327CAF-8C14-4EA8-BA8D-A1FEE9BA5D0E}.Release|Any CPU.Build.0 = Release|Any CPU
		{43EBFC82-5B36-4B23-AD44-CABBD95904B3}.Debug|Any CPU.ActiveCfg = Debug|Any CPU
		{43EBFC82-5B36-4B23-AD44-CABBD95904B3}.Debug|Any CPU.Build.0 = Debug|Any CPU
		{43EBFC82-5B36-4B23-AD44-CABBD95904B3}.Release|Any CPU.ActiveCfg = Release|Any CPU
		{43EBFC82-5B36-4B23-AD44-CABBD95904B3}.Release|Any CPU.Build.0 = Release|Any CPU
	EndGlobalSection
	GlobalSection(SolutionProperties) = preSolution
		HideSolutionNode = FALSE
	EndGlobalSection
	GlobalSection(ExtensibilityGlobals) = postSolution
		SolutionGuid = {F8276455-A087-406F-8A4C-C8E99EE76096}
	EndGlobalSection
EndGlobal
